
Microsoft Visual Studio Solution File, Format Version 12.00
# Visual Studio Version 16
VisualStudioVersion = 25.0.1705.4
MinimumVisualStudioVersion = 10.0.40219.1
Project("{FAE04EC0-301F-11D3-BF4B-00C04F79EFBC}") = "ToDoList", "ToDoList\ToDoList.csproj", "{BFC4BA60-E86A-498A-8299-A499A1C8DE96}"
EndProject
Global
	GlobalSection(SolutionConfigurationPlatforms) = preSolution
		Debug|Any CPU = Debug|Any CPU
		Release|Any CPU = Release|Any CPU
	EndGlobalSection
	GlobalSection(ProjectConfigurationPlatforms) = postSolution
		{BFC4BA60-E86A-498A-8299-A499A1C8DE96}.Debug|Any CPU.ActiveCfg = Debug|Any CPU
		{BFC4BA60-E86A-498A-8299-A499A1C8DE96}.Debug|Any CPU.Build.0 = Debug|Any CPU
		{BFC4BA60-E86A-498A-8299-A499A1C8DE96}.Release|Any CPU.ActiveCfg = Release|Any CPU
		{BFC4BA60-E86A-498A-8299-A499A1C8DE96}.Release|Any CPU.Build.0 = Release|Any CPU
	EndGlobalSection
	GlobalSection(SolutionProperties) = preSolution
		HideSolutionNode = FALSE
	EndGlobalSection
	GlobalSection(ExtensibilityGlobals) = postSolution
		SolutionGuid = {32B8B54F-4F70-4487-AFAD-E310602DB26A}
	EndGlobalSection
EndGlobal
